
Microsoft Visual Studio Solution File, Format Version 12.00
# Visual Studio 15
VisualStudioVersion = 15.0.27130.2010
MinimumVisualStudioVersion = 10.0.40219.1
Project("{FAE04EC0-301F-11D3-BF4B-00C04F79EFBC}") = "WpfApp1", "WpfApp1\WpfApp1.csproj", "{6F1B409B-8A4F-4818-B1E4-313FD525D38B}"
EndProject
Global
	GlobalSection(SolutionConfigurationPlatforms) = preSolution
		Debug|Any CPU = Debug|Any CPU
		Release|Any CPU = Release|Any CPU
	EndGlobalSection
	GlobalSection(ProjectConfigurationPlatforms) = postSolution
		{6F1B409B-8A4F-4818-B1E4-313FD525D38B}.Debug|Any CPU.ActiveCfg = Debug|Any CPU
		{6F1B409B-8A4F-4818-B1E4-313FD525D38B}.Debug|Any CPU.Build.0 = Debug|Any CPU
		{6F1B409B-8A4F-4818-B1E4-313FD525D38B}.Release|Any CPU.ActiveCfg = Release|Any CPU
		{6F1B409B-8A4F-4818-B1E4-313FD525D38B}.Release|Any CPU.Build.0 = Release|Any CPU
	EndGlobalSection
	GlobalSection(SolutionProperties) = preSolution
		HideSolutionNode = FALSE
	EndGlobalSection
	GlobalSection(ExtensibilityGlobals) = postSolution
		SolutionGuid = {34447062-85DB-4DD6-8828-C9BCE582F23A}
	EndGlobalSection
EndGlobal
